
Microsoft Visual Studio Solution File, Format Version 12.00
# Visual Studio Version 16
VisualStudioVersion = 16.0.28803.352
MinimumVisualStudioVersion = 10.0.40219.1
Project("{FAE04EC0-301F-11D3-BF4B-00C04F79EFBC}") = "NewOthelo", "NewOthelo\NewOthelo.csproj", "{21976A0F-3893-433E-8C7B-E899FF377365}"
EndProject
Project("{FAE04EC0-301F-11D3-BF4B-00C04F79EFBC}") = "UI", "UI\UI.csproj", "{2080B071-3E8B-4993-828B-6405A096403E}"
EndProject
Global
	GlobalSection(SolutionConfigurationPlatforms) = preSolution
		Debug|Any CPU = Debug|Any CPU
		Release|Any CPU = Release|Any CPU
	EndGlobalSection
	GlobalSection(ProjectConfigurationPlatforms) = postSolution
		{21976A0F-3893-433E-8C7B-E899FF377365}.Debug|Any CPU.ActiveCfg = Debug|Any CPU
		{21976A0F-3893-433E-8C7B-E899FF377365}.Debug|Any CPU.Build.0 = Debug|Any CPU
		{21976A0F-3893-433E-8C7B-E899FF377365}.Release|Any CPU.ActiveCfg = Release|Any CPU
		{21976A0F-3893-433E-8C7B-E899FF377365}.Release|Any CPU.Build.0 = Release|Any CPU
		{2080B071-3E8B-4993-828B-6405A096403E}.Debug|Any CPU.ActiveCfg = Debug|Any CPU
		{2080B071-3E8B-4993-828B-6405A096403E}.Debug|Any CPU.Build.0 = Debug|Any CPU
		{2080B071-3E8B-4993-828B-6405A096403E}.Release|Any CPU.ActiveCfg = Release|Any CPU
		{2080B071-3E8B-4993-828B-6405A096403E}.Release|Any CPU.Build.0 = Release|Any CPU
	EndGlobalSection
	GlobalSection(SolutionProperties) = preSolution
		HideSolutionNode = FALSE
	EndGlobalSection
	GlobalSection(ExtensibilityGlobals) = postSolution
		SolutionGuid = {F7B87AEB-201C-4C73-B4EE-50A64D6056C8}
	EndGlobalSection
EndGlobal
